{
  "version": 4,
  "terraform_version": "1.14.4",
  "serial": 53,
  "lineage": "0af7e1ff-a694-8350-9f04-1a2e23a30992",
  "outputs": {},
  "resources": [
    {
      "module": "module.serverpod_production",
      "mode": "managed",
      "type": "google_compute_autoscaler",
      "name": "serverpod",
      "provider": "provider[\"registry.terraform.io/hashicorp/google\"]",
      "instances": [
        {
          "schema_version": 0,
          "attributes": {
            "autoscaling_policy": [
              {
                "cooldown_period": 60,
                "cpu_utilization": [
                  {
                    "predictive_method": "NONE",
                    "target": 0.6
                  }
                ],
                "load_balancing_utilization": [],
                "max_replicas": 2,
                "metric": [],
                "min_replicas": 1,
                "mode": "ON",
                "scale_in_control": [],
                "scaling_schedules": []
              }
            ],
            "creation_timestamp": "2026-02-08T02:42:27.731-08:00",
            "description": "",
            "id": "projects/continuum-486419/zones/us-central1-c/autoscalers/serverpod-production-autoscaler",
            "name": "serverpod-production-autoscaler",
            "project": "continuum-486419",
            "self_link": "https://www.googleapis.com/compute/v1/projects/continuum-486419/zones/us-central1-c/autoscalers/serverpod-production-autoscaler",
            "target": "https://www.googleapis.com/compute/v1/projects/continuum-486419/zones/us-central1-c/instanceGroupManagers/serverpod-production-group",
            "timeouts": null,
            "zone": "https://www.googleapis.com/compute/v1/projects/continuum-486419/zones/us-central1-c"
          },
          "sensitive_attributes": [],
          "identity_schema_version": 0,
          "private": "eyJlMmJmYjczMC1lY2FhLTExZTYtOGY4OC0zNDM2M2JjN2M0YzAiOnsiY3JlYXRlIjoxMjAwMDAwMDAwMDAwLCJkZWxldGUiOjEyMDAwMDAwMDAwMDAsInVwZGF0ZSI6MTIwMDAwMDAwMDAwMH19",
          "dependencies": [
            "module.serverpod_production.google_compute_health_check.serverpod-instance-group",
            "module.serverpod_production.google_compute_instance_group_manager.serverpod",
            "module.serverpod_production.google_compute_instance_template.serverpod",
            "module.serverpod_production.google_compute_network.serverpod"
          ]
        }
      ]
    },
    {
      "module": "module.serverpod_production",
      "mode": "managed",
      "type": "google_compute_backend_bucket",
      "name": "storage",
      "provider": "provider[\"registry.terraform.io/hashicorp/google\"]",
      "instances": [
        {
          "index_key": 0,
          "schema_version": 0,
          "attributes": {
            "bucket_name": "storage.continuum-agent.online",
            "cdn_policy": [],
            "compression_mode": "",
            "creation_timestamp": "2026-02-08T03:12:12.593-08:00",
            "custom_response_headers": [],
            "description": "",
            "edge_security_policy": "",
            "enable_cdn": false,
            "id": "projects/continuum-486419/global/backendBuckets/serverpod-production-backend-storage",
            "name": "serverpod-production-backend-storage",
            "project": "continuum-486419",
            "self_link": "https://www.googleapis.com/compute/v1/projects/continuum-486419/global/backendBuckets/serverpod-production-backend-storage",
            "timeouts": null
          },
          "sensitive_attributes": [],
          "identity_schema_version": 0,
          "private": "eyJlMmJmYjczMC1lY2FhLTExZTYtOGY4OC0zNDM2M2JjN2M0YzAiOnsiY3JlYXRlIjoxMjAwMDAwMDAwMDAwLCJkZWxldGUiOjEyMDAwMDAwMDAwMDAsInVwZGF0ZSI6MTIwMDAwMDAwMDAwMH19",
          "dependencies": [
            "module.serverpod_production.google_storage_bucket.public"
          ]
        }
      ]
    },
    {
      "module": "module.serverpod_production",
      "mode": "managed",
      "type": "google_compute_backend_service",
      "name": "api",
      "provider": "provider[\"registry.terraform.io/hashicorp/google\"]",
      "instances": [
        {
          "schema_version": 1,
          "attributes": {
            "affinity_cookie_ttl_sec": 0,
            "backend": [
              {
                "balancing_mode": "UTILIZATION",
                "capacity_scaler": 1,
                "description": "",
                "group": "https://www.googleapis.com/compute/v1/projects/continuum-486419/zones/us-central1-c/instanceGroups/serverpod-production-group",
                "max_connections": 0,
                "max_connections_per_endpoint": 0,
                "max_connections_per_instance": 0,
                "max_rate": 0,
                "max_rate_per_endpoint": 0,
                "max_rate_per_instance": 0,
                "max_utilization": 1
              }
            ],
            "cdn_policy": [],
            "circuit_breakers": [],
            "compression_mode": "",
            "connection_draining_timeout_sec": 300,
            "consistent_hash": [],
            "creation_timestamp": "2026-02-08T02:42:26.910-08:00",
            "custom_request_headers": [],
            "custom_response_headers": [],
            "description": "",
            "edge_security_policy": "",
            "enable_cdn": false,
            "fingerprint": "XthvLPgY--I=",
            "generated_id": 226282227668211325,
            "health_checks": [
              "https://www.googleapis.com/compute/v1/projects/continuum-486419/global/healthChecks/serverpod-production-health-check"
            ],
            "iap": [],
            "id": "projects/continuum-486419/global/backendServices/serverpod-production-backend-api",
            "load_balancing_scheme": "EXTERNAL",
            "locality_lb_policy": "",
            "log_config": [],
            "name": "serverpod-production-backend-api",
            "outlier_detection": [],
            "port_name": "api",
            "project": "continuum-486419",
            "protocol": "HTTP",
            "security_policy": "",
            "security_settings": [],
            "self_link": "https://www.googleapis.com/compute/v1/projects/continuum-486419/global/backendServices/serverpod-production-backend-api",
            "session_affinity": "NONE",
            "timeout_sec": 30,
            "timeouts": null
          },
          "sensitive_attributes": [],
          "identity_schema_version": 0,
          "private": "eyJlMmJmYjczMC1lY2FhLTExZTYtOGY4OC0zNDM2M2JjN2M0YzAiOnsiY3JlYXRlIjoxMjAwMDAwMDAwMDAwLCJkZWxldGUiOjEyMDAwMDAwMDAwMDAsInVwZGF0ZSI6MTIwMDAwMDAwMDAwMH0sInNjaGVtYV92ZXJzaW9uIjoiMSJ9",
          "dependencies": [
            "module.serverpod_production.google_compute_health_check.serverpod-balancer",
            "module.serverpod_production.google_compute_health_check.serverpod-instance-group",
            "module.serverpod_production.google_compute_instance_group_manager.serverpod",
            "module.serverpod_production.google_compute_instance_template.serverpod",
            "module.serverpod_production.google_compute_network.serverpod"
          ]
        }
      ]
    },
    {
      "module": "module.serverpod_production",
      "mode": "managed",
      "type": "google_compute_backend_service",
      "name": "insights",
      "provider": "provider[\"registry.terraform.io/hashicorp/google\"]",
      "instances": [
        {
          "schema_version": 1,
          "attributes": {
            "affinity_cookie_ttl_sec": 0,
            "backend": [
              {
                "balancing_mode": "UTILIZATION",
                "capacity_scaler": 1,
                "description": "",
                "group": "https://www.googleapis.com/compute/v1/projects/continuum-486419/zones/us-central1-c/instanceGroups/serverpod-production-group",
                "max_connections": 0,
                "max_connections_per_endpoint": 0,
                "max_connections_per_instance": 0,
                "max_rate": 0,
                "max_rate_per_endpoint": 0,
                "max_rate_per_instance": 0,
                "max_utilization": 1
              }
            ],
            "cdn_policy": [],
            "circuit_breakers": [],
            "compression_mode": "",
            "connection_draining_timeout_sec": 300,
            "consistent_hash": [],
            "creation_timestamp": "2026-02-08T02:42:27.178-08:00",
            "custom_request_headers": [],
            "custom_response_headers": [],
            "description": "",
            "edge_security_policy": "",
            "enable_cdn": false,
            "fingerprint": "JQ0ZsEbKkSA=",
            "generated_id": 1692034435557742204,
            "health_checks": [
              "https://www.googleapis.com/compute/v1/projects/continuum-486419/global/healthChecks/serverpod-production-health-check"
            ],
            "iap": [],
            "id": "projects/continuum-486419/global/backendServices/serverpod-production-backend-insights",
            "load_balancing_scheme": "EXTERNAL",
            "locality_lb_policy": "",
            "log_config": [],
            "name": "serverpod-production-backend-insights",
            "outlier_detection": [],
            "port_name": "insights",
            "project": "continuum-486419",
            "protocol": "HTTP",
            "security_policy": "",
            "security_settings": [],
            "self_link": "https://www.googleapis.com/compute/v1/projects/continuum-486419/global/backendServices/serverpod-production-backend-insights",
            "session_affinity": "NONE",
            "timeout_sec": 30,
            "timeouts": null
          },
          "sensitive_attributes": [],
          "identity_schema_version": 0,
          "private": "eyJlMmJmYjczMC1lY2FhLTExZTYtOGY4OC0zNDM2M2JjN2M0YzAiOnsiY3JlYXRlIjoxMjAwMDAwMDAwMDAwLCJkZWxldGUiOjEyMDAwMDAwMDAwMDAsInVwZGF0ZSI6MTIwMDAwMDAwMDAwMH0sInNjaGVtYV92ZXJzaW9uIjoiMSJ9",
          "dependencies": [
            "module.serverpod_production.google_compute_health_check.serverpod-balancer",
            "module.serverpod_production.google_compute_health_check.serverpod-instance-group",
            "module.serverpod_production.google_compute_instance_group_manager.serverpod",
            "module.serverpod_production.google_compute_instance_template.serverpod",
            "module.serverpod_production.google_compute_network.serverpod"
          ]
        }
      ]
    },
    {
      "module": "module.serverpod_production",
      "mode": "managed",
      "type": "google_compute_backend_service",
      "name": "web",
      "provider": "provider[\"registry.terraform.io/hashicorp/google\"]",
      "instances": [
        {
          "schema_version": 1,
          "attributes": {
            "affinity_cookie_ttl_sec": 0,
            "backend": [
              {
                "balancing_mode": "UTILIZATION",
                "capacity_scaler": 1,
                "description": "",
                "group": "https://www.googleapis.com/compute/v1/projects/continuum-486419/zones/us-central1-c/instanceGroups/serverpod-production-group",
                "max_connections": 0,
                "max_connections_per_endpoint": 0,
                "max_connections_per_instance": 0,
                "max_rate": 0,
                "max_rate_per_endpoint": 0,
                "max_rate_per_instance": 0,
                "max_utilization": 1
              }
            ],
            "cdn_policy": [
              {
                "cache_key_policy": [],
                "cache_mode": "CACHE_ALL_STATIC",
                "client_ttl": 3600,
                "default_ttl": 3600,
                "max_ttl": 86400,
                "negative_caching": true,
                "negative_caching_policy": [],
                "serve_while_stale": 86400,
                "signed_url_cache_max_age_sec": 0
              }
            ],
            "circuit_breakers": [],
            "compression_mode": "",
            "connection_draining_timeout_sec": 300,
            "consistent_hash": [],
            "creation_timestamp": "2026-02-08T02:42:26.739-08:00",
            "custom_request_headers": [],
            "custom_response_headers": [],
            "description": "",
            "edge_security_policy": "",
            "enable_cdn": true,
            "fingerprint": "goZI-pwZqX0=",
            "generated_id": 1631584789501171325,
            "health_checks": [
              "https://www.googleapis.com/compute/v1/projects/continuum-486419/global/healthChecks/serverpod-production-health-check"
            ],
            "iap": [],
            "id": "projects/continuum-486419/global/backendServices/serverpod-production-backend-web",
            "load_balancing_scheme": "EXTERNAL",
            "locality_lb_policy": "",
            "log_config": [],
            "name": "serverpod-production-backend-web",
            "outlier_detection": [],
            "port_name": "web",
            "project": "continuum-486419",
            "protocol": "HTTP",
            "security_policy": "",
            "security_settings": [],
            "self_link": "https://www.googleapis.com/compute/v1/projects/continuum-486419/global/backendServices/serverpod-production-backend-web",
            "session_affinity": "NONE",
            "timeout_sec": 30,
            "timeouts": null
          },
          "sensitive_attributes": [],
          "identity_schema_version": 0,
          "private": "eyJlMmJmYjczMC1lY2FhLTExZTYtOGY4OC0zNDM2M2JjN2M0YzAiOnsiY3JlYXRlIjoxMjAwMDAwMDAwMDAwLCJkZWxldGUiOjEyMDAwMDAwMDAwMDAsInVwZGF0ZSI6MTIwMDAwMDAwMDAwMH0sInNjaGVtYV92ZXJzaW9uIjoiMSJ9",
          "dependencies": [
            "module.serverpod_production.google_compute_health_check.serverpod-balancer",
            "module.serverpod_production.google_compute_health_check.serverpod-instance-group",
            "module.serverpod_production.google_compute_instance_group_manager.serverpod",
            "module.serverpod_production.google_compute_instance_template.serverpod",
            "module.serverpod_production.google_compute_network.serverpod"
          ]
        }
      ]
    },
    {
      "module": "module.serverpod_production",
      "mode": "managed",
      "type": "google_compute_firewall",
      "name": "serverpod-instance",
      "provider": "provider[\"registry.terraform.io/hashicorp/google\"]",
      "instances": [
        {
          "schema_version": 1,
          "attributes": {
            "allow": [
              {
                "ports": [
                  "8080-8082"
                ],
                "protocol": "tcp"
              }
            ],
            "creation_timestamp": "2026-02-08T02:41:19.926-08:00",
            "deny": [],
            "description": "",
            "destination_ranges": [],
            "direction": "INGRESS",
            "disabled": false,
            "enable_logging": null,
            "id": "projects/continuum-486419/global/firewalls/serverpod-production-instance",
            "log_config": [],
            "name": "serverpod-production-instance",
            "network": "https://www.googleapis.com/compute/v1/projects/continuum-486419/global/networks/serverpod-production-network",
            "priority": 1000,
            "project": "continuum-486419",
            "self_link": "https://www.googleapis.com/compute/v1/projects/continuum-486419/global/firewalls/serverpod-production-instance",
            "source_ranges": [
              "130.211.0.0/22",
              "35.191.0.0/16"
            ],
            "source_service_accounts": [],
            "source_tags": [],
            "target_service_accounts": [],
            "target_tags": [
              "serverpod-production-instance"
            ],
            "timeouts": null
          },
          "sensitive_attributes": [],
          "identity_schema_version": 0,
          "private": "eyJlMmJmYjczMC1lY2FhLTExZTYtOGY4OC0zNDM2M2JjN2M0YzAiOnsiY3JlYXRlIjoxMjAwMDAwMDAwMDAwLCJkZWxldGUiOjEyMDAwMDAwMDAwMDAsInVwZGF0ZSI6MTIwMDAwMDAwMDAwMH0sInNjaGVtYV92ZXJzaW9uIjoiMSJ9",
          "dependencies": [
            "module.serverpod_production.google_compute_network.serverpod"
          ]
        }
      ]
    },
    {
      "module": "module.serverpod_production",
      "mode": "managed",
      "type": "google_compute_firewall",
      "name": "serverpod-instance-ssh",
      "provider": "provider[\"registry.terraform.io/hashicorp/google\"]",
      "instances": [
        {
          "index_key": 0,
          "schema_version": 1,
          "attributes": {
            "allow": [
              {
                "ports": [
                  "22"
                ],
                "protocol": "tcp"
              }
            ],
            "creation_timestamp": "2026-02-08T02:41:19.885-08:00",
            "deny": [],
            "description": "",
            "destination_ranges": [],
            "direction": "INGRESS",
            "disabled": false,
            "enable_logging": null,
            "id": "projects/continuum-486419/global/firewalls/serverpod-production-instance-ssh",
            "log_config": [],
            "name": "serverpod-production-instance-ssh",
            "network": "https://www.googleapis.com/compute/v1/projects/continuum-486419/global/networks/serverpod-production-network",
            "priority": 1000,
            "project": "continuum-486419",
            "self_link": "https://www.googleapis.com/compute/v1/projects/continuum-486419/global/firewalls/serverpod-production-instance-ssh",
            "source_ranges": [
              "0.0.0.0/0"
            ],
            "source_service_accounts": [],
            "source_tags": [],
            "target_service_accounts": [],
            "target_tags": [
              "serverpod-production-instance-ssh"
            ],
            "timeouts": null
          },
          "sensitive_attributes": [],
          "identity_schema_version": 0,
          "private": "eyJlMmJmYjczMC1lY2FhLTExZTYtOGY4OC0zNDM2M2JjN2M0YzAiOnsiY3JlYXRlIjoxMjAwMDAwMDAwMDAwLCJkZWxldGUiOjEyMDAwMDAwMDAwMDAsInVwZGF0ZSI6MTIwMDAwMDAwMDAwMH0sInNjaGVtYV92ZXJzaW9uIjoiMSJ9",
          "dependencies": [
            "module.serverpod_production.google_compute_network.serverpod"
          ]
        }
      ]
    },
    {
      "module": "module.serverpod_production",
      "mode": "managed",
      "type": "google_compute_global_address",
      "name": "private-ip",
      "provider": "provider[\"registry.terraform.io/hashicorp/google\"]",
      "instances": [
        {
          "schema_version": 0,
          "attributes": {
            "address": "10.44.0.0",
            "address_type": "INTERNAL",
            "creation_timestamp": "2026-02-08T02:41:20.044-08:00",
            "description": "",
            "id": "projects/continuum-486419/global/addresses/serverpod-production-private-ip",
            "ip_version": "",
            "name": "serverpod-production-private-ip",
            "network": "https://www.googleapis.com/compute/v1/projects/continuum-486419/global/networks/serverpod-production-network",
            "prefix_length": 16,
            "project": "continuum-486419",
            "purpose": "VPC_PEERING",
            "self_link": "https://www.googleapis.com/compute/v1/projects/continuum-486419/global/addresses/serverpod-production-private-ip",
            "timeouts": null
          },
          "sensitive_attributes": [],
          "identity_schema_version": 0,
          "private": "eyJlMmJmYjczMC1lY2FhLTExZTYtOGY4OC0zNDM2M2JjN2M0YzAiOnsiY3JlYXRlIjoxMjAwMDAwMDAwMDAwLCJkZWxldGUiOjEyMDAwMDAwMDAwMDB9fQ==",
          "dependencies": [
            "module.serverpod_production.google_compute_network.serverpod"
          ]
        }
      ]
    },
    {
      "module": "module.serverpod_production",
      "mode": "managed",
      "type": "google_compute_global_forwarding_rule",
      "name": "api",
      "provider": "provider[\"registry.terraform.io/hashicorp/google\"]",
      "instances": [
        {
          "schema_version": 0,
          "attributes": {
            "description": "",
            "id": "projects/continuum-486419/global/forwardingRules/serverpod-production-api",
            "ip_address": "136.110.174.183",
            "ip_protocol": "TCP",
            "ip_version": "",
            "label_fingerprint": "42WmSpB8rSM=",
            "labels": {},
            "load_balancing_scheme": "EXTERNAL",
            "metadata_filters": [],
            "name": "serverpod-production-api",
            "network": "",
            "port_range": "443",
            "project": "continuum-486419",
            "psc_connection_id": "",
            "psc_connection_status": "",
            "self_link": "https://www.googleapis.com/compute/v1/projects/continuum-486419/global/forwardingRules/serverpod-production-api",
            "target": "https://www.googleapis.com/compute/v1/projects/continuum-486419/global/targetHttpsProxies/serverpod-production-proxy-api",
            "timeouts": null
          },
          "sensitive_attributes": [],
          "identity_schema_version": 0,
          "private": "eyJlMmJmYjczMC1lY2FhLTExZTYtOGY4OC0zNDM2M2JjN2M0YzAiOnsiY3JlYXRlIjoxMjAwMDAwMDAwMDAwLCJkZWxldGUiOjEyMDAwMDAwMDAwMDAsInVwZGF0ZSI6MTIwMDAwMDAwMDAwMH19",
          "dependencies": [
            "module.serverpod_production.google_compute_backend_bucket.storage",
            "module.serverpod_production.google_compute_backend_service.api",
            "module.serverpod_production.google_compute_backend_service.insights",
            "module.serverpod_production.google_compute_backend_service.web",
            "module.serverpod_production.google_compute_health_check.serverpod-balancer",
            "module.serverpod_production.google_compute_health_check.serverpod-instance-group",
            "module.serverpod_production.google_compute_instance_group_manager.serverpod",
            "module.serverpod_production.google_compute_instance_template.serverpod",
            "module.serverpod_production.google_compute_managed_ssl_certificate.api",
            "module.serverpod_production.google_compute_network.serverpod",
            "module.serverpod_production.google_compute_target_https_proxy.api",
            "module.serverpod_production.google_compute_url_map.serverpod",
            "module.serverpod_production.google_storage_bucket.public"
          ]
        }
      ]
    },
    {
      "module": "module.serverpod_production",
      "mode": "managed",
      "type": "google_compute_global_forwarding_rule",
      "name": "insights",
      "provider": "provider[\"registry.terraform.io/hashicorp/google\"]",
      "instances": [
        {
          "schema_version": 0,
          "attributes": {
            "description": "",
            "id": "projects/continuum-486419/global/forwardingRules/serverpod-production-insights",
            "ip_address": "34.149.158.164",
            "ip_protocol": "TCP",
            "ip_version": "",
            "label_fingerprint": "42WmSpB8rSM=",
            "labels": {},
            "load_balancing_scheme": "EXTERNAL",
            "metadata_filters": [],
            "name": "serverpod-production-insights",
            "network": "",
            "port_range": "443",
            "project": "continuum-486419",
            "psc_connection_id": "",
            "psc_connection_status": "",
            "self_link": "https://www.googleapis.com/compute/v1/projects/continuum-486419/global/forwardingRules/serverpod-production-insights",
            "target": "https://www.googleapis.com/compute/v1/projects/continuum-486419/global/targetHttpsProxies/serverpod-production-proxy-insights",
            "timeouts": null
          },
          "sensitive_attributes": [],
          "identity_schema_version": 0,
          "private": "eyJlMmJmYjczMC1lY2FhLTExZTYtOGY4OC0zNDM2M2JjN2M0YzAiOnsiY3JlYXRlIjoxMjAwMDAwMDAwMDAwLCJkZWxldGUiOjEyMDAwMDAwMDAwMDAsInVwZGF0ZSI6MTIwMDAwMDAwMDAwMH19",
          "dependencies": [
            "module.serverpod_production.google_compute_backend_bucket.storage",
            "module.serverpod_production.google_compute_backend_service.api",
            "module.serverpod_production.google_compute_backend_service.insights",
            "module.serverpod_production.google_compute_backend_service.web",
            "module.serverpod_production.google_compute_health_check.serverpod-balancer",
            "module.serverpod_production.google_compute_health_check.serverpod-instance-group",
            "module.serverpod_production.google_compute_instance_group_manager.serverpod",
            "module.serverpod_production.google_compute_instance_template.serverpod",
            "module.serverpod_production.google_compute_managed_ssl_certificate.insights",
            "module.serverpod_production.google_compute_network.serverpod",
            "module.serverpod_production.google_compute_target_https_proxy.insights",
            "module.serverpod_production.google_compute_url_map.serverpod",
            "module.serverpod_production.google_storage_bucket.public"
          ]
        }
      ]
    },
    {
      "module": "module.serverpod_production",
      "mode": "managed",
      "type": "google_compute_global_forwarding_rule",
      "name": "storage",
      "provider": "provider[\"registry.terraform.io/hashicorp/google\"]",
      "instances": [
        {
          "index_key": 0,
          "schema_version": 0,
          "attributes": {
            "description": "",
            "id": "projects/continuum-486419/global/forwardingRules/serverpod-production-storage",
            "ip_address": "35.244.196.56",
            "ip_protocol": "TCP",
            "ip_version": "",
            "label_fingerprint": "42WmSpB8rSM=",
            "labels": {},
            "load_balancing_scheme": "EXTERNAL",
            "metadata_filters": [],
            "name": "serverpod-production-storage",
            "network": "",
            "port_range": "443",
            "project": "continuum-486419",
            "psc_connection_id": "",
            "psc_connection_status": "",
            "self_link": "https://www.googleapis.com/compute/v1/projects/continuum-486419/global/forwardingRules/serverpod-production-storage",
            "target": "https://www.googleapis.com/compute/v1/projects/continuum-486419/global/targetHttpsProxies/serverpod-production-proxy-storage",
            "timeouts": null
          },
          "sensitive_attributes": [],
          "identity_schema_version": 0,
          "private": "eyJlMmJmYjczMC1lY2FhLTExZTYtOGY4OC0zNDM2M2JjN2M0YzAiOnsiY3JlYXRlIjoxMjAwMDAwMDAwMDAwLCJkZWxldGUiOjEyMDAwMDAwMDAwMDAsInVwZGF0ZSI6MTIwMDAwMDAwMDAwMH19",
          "dependencies": [
            "module.serverpod_production.google_compute_backend_bucket.storage",
            "module.serverpod_production.google_compute_backend_service.api",
            "module.serverpod_production.google_compute_backend_service.insights",
            "module.serverpod_production.google_compute_backend_service.web",
            "module.serverpod_production.google_compute_health_check.serverpod-balancer",
            "module.serverpod_production.google_compute_health_check.serverpod-instance-group",
            "module.serverpod_production.google_compute_instance_group_manager.serverpod",
            "module.serverpod_production.google_compute_instance_template.serverpod",
            "module.serverpod_production.google_compute_managed_ssl_certificate.storage",
            "module.serverpod_production.google_compute_network.serverpod",
            "module.serverpod_production.google_compute_target_https_proxy.storage",
            "module.serverpod_production.google_compute_url_map.serverpod",
            "module.serverpod_production.google_storage_bucket.public"
          ]
        }
      ]
    },
    {
      "module": "module.serverpod_production",
      "mode": "managed",
      "type": "google_compute_global_forwarding_rule",
      "name": "web",
      "provider": "provider[\"registry.terraform.io/hashicorp/google\"]",
      "instances": [
        {
          "schema_version": 0,
          "attributes": {
            "description": "",
            "id": "projects/continuum-486419/global/forwardingRules/serverpod-production-web",
            "ip_address": "35.244.200.25",
            "ip_protocol": "TCP",
            "ip_version": "",
            "label_fingerprint": "42WmSpB8rSM=",
            "labels": {},
            "load_balancing_scheme": "EXTERNAL",
            "metadata_filters": [],
            "name": "serverpod-production-web",
            "network": "",
            "port_range": "443",
            "project": "continuum-486419",
            "psc_connection_id": "",
            "psc_connection_status": "",
            "self_link": "https://www.googleapis.com/compute/v1/projects/continuum-486419/global/forwardingRules/serverpod-production-web",
            "target": "https://www.googleapis.com/compute/v1/projects/continuum-486419/global/targetHttpsProxies/serverpod-production-proxy-web",
            "timeouts": null
          },
          "sensitive_attributes": [],
          "identity_schema_version": 0,
          "private": "eyJlMmJmYjczMC1lY2FhLTExZTYtOGY4OC0zNDM2M2JjN2M0YzAiOnsiY3JlYXRlIjoxMjAwMDAwMDAwMDAwLCJkZWxldGUiOjEyMDAwMDAwMDAwMDAsInVwZGF0ZSI6MTIwMDAwMDAwMDAwMH19",
          "dependencies": [
            "module.serverpod_production.google_compute_backend_bucket.storage",
            "module.serverpod_production.google_compute_backend_service.api",
            "module.serverpod_production.google_compute_backend_service.insights",
            "module.serverpod_production.google_compute_backend_service.web",
            "module.serverpod_production.google_compute_health_check.serverpod-balancer",
            "module.serverpod_production.google_compute_health_check.serverpod-instance-group",
            "module.serverpod_production.google_compute_instance_group_manager.serverpod",
            "module.serverpod_production.google_compute_instance_template.serverpod",
            "module.serverpod_production.google_compute_managed_ssl_certificate.web",
            "module.serverpod_production.google_compute_managed_ssl_certificate.web-top-domain",
            "module.serverpod_production.google_compute_network.serverpod",
            "module.serverpod_production.google_compute_target_https_proxy.web",
            "module.serverpod_production.google_compute_url_map.serverpod",
            "module.serverpod_production.google_storage_bucket.public"
          ]
        }
      ]
    },
    {
      "module": "module.serverpod_production",
      "mode": "managed",
      "type": "google_compute_health_check",
      "name": "serverpod-balancer",
      "provider": "provider[\"registry.terraform.io/hashicorp/google\"]",
      "instances": [
        {
          "schema_version": 0,
          "attributes": {
            "check_interval_sec": 5,
            "creation_timestamp": "2026-02-08T02:40:40.255-08:00",
            "description": "",
            "grpc_health_check": [],
            "healthy_threshold": 2,
            "http2_health_check": [],
            "http_health_check": [],
            "https_health_check": [],
            "id": "projects/continuum-486419/global/healthChecks/serverpod-production-health-check",
            "log_config": [
              {
                "enable": false
              }
            ],
            "name": "serverpod-production-health-check",
            "project": "continuum-486419",
            "self_link": "https://www.googleapis.com/compute/v1/projects/continuum-486419/global/healthChecks/serverpod-production-health-check",
            "ssl_health_check": [],
            "tcp_health_check": [
              {
                "port": 8080,
                "port_name": "",
                "port_specification": "",
                "proxy_header": "NONE",
                "request": "",
                "response": ""
              }
            ],
            "timeout_sec": 5,
            "timeouts": null,
            "type": "TCP",
            "unhealthy_threshold": 2
          },
          "sensitive_attributes": [],
          "identity_schema_version": 0,
          "private": "eyJlMmJmYjczMC1lY2FhLTExZTYtOGY4OC0zNDM2M2JjN2M0YzAiOnsiY3JlYXRlIjoxMjAwMDAwMDAwMDAwLCJkZWxldGUiOjEyMDAwMDAwMDAwMDAsInVwZGF0ZSI6MTIwMDAwMDAwMDAwMH19"
        }
      ]
    },
    {
      "module": "module.serverpod_production",
      "mode": "managed",
      "type": "google_compute_health_check",
      "name": "serverpod-instance-group",
      "provider": "provider[\"registry.terraform.io/hashicorp/google\"]",
      "instances": [
        {
          "schema_version": 0,
          "attributes": {
            "check_interval_sec": 30,
            "creation_timestamp": "2026-02-08T02:40:37.337-08:00",
            "description": "",
            "grpc_health_check": [],
            "healthy_threshold": 2,
            "http2_health_check": [],
            "http_health_check": [],
            "https_health_check": [],
            "id": "projects/continuum-486419/global/healthChecks/serverpod-production-group-health-check",
            "log_config": [
              {
                "enable": false
              }
            ],
            "name": "serverpod-production-group-health-check",
            "project": "continuum-486419",
            "self_link": "https://www.googleapis.com/compute/v1/projects/continuum-486419/global/healthChecks/serverpod-production-group-health-check",
            "ssl_health_check": [],
            "tcp_health_check": [
              {
                "port": 8080,
                "port_name": "",
                "port_specification": "",
                "proxy_header": "NONE",
                "request": "",
                "response": ""
              }
            ],
            "timeout_sec": 5,
            "timeouts": null,
            "type": "TCP",
            "unhealthy_threshold": 3
          },
          "sensitive_attributes": [],
          "identity_schema_version": 0,
          "private": "eyJlMmJmYjczMC1lY2FhLTExZTYtOGY4OC0zNDM2M2JjN2M0YzAiOnsiY3JlYXRlIjoxMjAwMDAwMDAwMDAwLCJkZWxldGUiOjEyMDAwMDAwMDAwMDAsInVwZGF0ZSI6MTIwMDAwMDAwMDAwMH19"
        }
      ]
    },
    {
      "module": "module.serverpod_production",
      "mode": "managed",
      "type": "google_compute_instance_group_manager",
      "name": "serverpod",
      "provider": "provider[\"registry.terraform.io/hashicorp/google\"]",
      "instances": [
        {
          "schema_version": 0,
          "attributes": {
            "auto_healing_policies": [
              {
                "health_check": "https://www.googleapis.com/compute/v1/projects/continuum-486419/global/healthChecks/serverpod-production-group-health-check",
                "initial_delay_sec": 300
              }
            ],
            "base_instance_name": "serverpod-production",
            "description": "",
            "fingerprint": "dB71d1iJou8=",
            "id": "projects/continuum-486419/zones/us-central1-c/instanceGroupManagers/serverpod-production-group",
            "instance_group": "https://www.googleapis.com/compute/v1/projects/continuum-486419/zones/us-central1-c/instanceGroups/serverpod-production-group",
            "list_managed_instances_results": "PAGELESS",
            "name": "serverpod-production-group",
            "named_port": [
              {
                "name": "api",
                "port": 8080
              },
              {
                "name": "insights",
                "port": 8081
              },
              {
                "name": "web",
                "port": 8082
              }
            ],
            "operation": null,
            "project": "continuum-486419",
            "self_link": "https://www.googleapis.com/compute/v1/projects/continuum-486419/zones/us-central1-c/instanceGroupManagers/serverpod-production-group",
            "stateful_disk": [],
            "status": [
              {
                "is_stable": false,
                "stateful": [
                  {
                    "has_stateful_config": false,
                    "per_instance_configs": [
                      {
                        "all_effective": true
                      }
                    ]
                  }
                ],
                "version_target": [
                  {
                    "is_reached": true
                  }
                ]
              }
            ],
            "target_pools": [],
            "target_size": 1,
            "timeouts": null,
            "update_policy": [
              {
                "max_surge_fixed": 1,
                "max_surge_percent": 0,
                "max_unavailable_fixed": 1,
                "max_unavailable_percent": 0,
                "minimal_action": "REPLACE",
                "most_disruptive_allowed_action": "",
                "replacement_method": "SUBSTITUTE",
                "type": "OPPORTUNISTIC"
              }
            ],
            "version": [
              {
                "instance_template": "https://www.googleapis.com/compute/v1/projects/continuum-486419/global/instanceTemplates/serverpod-production-template",
                "name": "",
                "target_size": []
              }
            ],
            "wait_for_instances": false,
            "wait_for_instances_status": "STABLE",
            "zone": "us-central1-c"
          },
          "sensitive_attributes": [],
          "identity_schema_version": 0,
          "private": "eyJlMmJmYjczMC1lY2FhLTExZTYtOGY4OC0zNDM2M2JjN2M0YzAiOnsiY3JlYXRlIjo5MDAwMDAwMDAwMDAsImRlbGV0ZSI6OTAwMDAwMDAwMDAwLCJ1cGRhdGUiOjkwMDAwMDAwMDAwMH19",
          "dependencies": [
            "module.serverpod_production.google_compute_health_check.serverpod-instance-group",
            "module.serverpod_production.google_compute_instance_template.serverpod",
            "module.serverpod_production.google_compute_network.serverpod"
          ]
        }
      ]
    },
    {
      "module": "module.serverpod_production",
      "mode": "managed",
      "type": "google_compute_instance_template",
      "name": "serverpod",
      "provider": "provider[\"registry.terraform.io/hashicorp/google\"]",
      "instances": [
        {
          "schema_version": 1,
          "attributes": {
            "advanced_machine_features": [],
            "can_ip_forward": false,
            "confidential_instance_config": [],
            "description": "Instance template for Serverpod's Docker container.",
            "disk": [
              {
                "auto_delete": true,
                "boot": true,
                "device_name": "persistent-disk-0",
                "disk_encryption_key": [],
                "disk_name": "",
                "disk_size_gb": 0,
                "disk_type": "pd-standard",
                "interface": "SCSI",
                "labels": {},
                "mode": "READ_WRITE",
                "resource_policies": [],
                "source": "",
                "source_image": "projects/cos-cloud/global/images/family/cos-stable",
                "source_image_encryption_key": [],
                "source_snapshot": "",
                "source_snapshot_encryption_key": [],
                "type": "PERSISTENT"
              }
            ],
            "guest_accelerator": [],
            "id": "projects/continuum-486419/global/instanceTemplates/serverpod-production-template",
            "instance_description": "",
            "labels": null,
            "machine_type": "e2-micro",
            "metadata": {},
            "metadata_fingerprint": "ALG4QK7q6Vo=",
            "metadata_startup_script": "#!/bin/bash\r\nuseradd serverpod-user\r\nusermod -aG docker serverpod-user\r\ncd /home/serverpod-user\r\nsudo -u serverpod-user docker-credential-gcr configure-docker --registries us-central1-docker.pkg.dev\r\nsudo -u serverpod-user docker run -p 8080-8082:8080-8082 -e runmode=production -e serverid=$(hostname) us-central1-docker.pkg.dev/continuum-486419/serverpod-production-container/serverpod:latest\r\n",
            "min_cpu_platform": "",
            "name": "serverpod-production-template",
            "name_prefix": null,
            "network_interface": [
              {
                "access_config": [
                  {
                    "nat_ip": "",
                    "network_tier": "PREMIUM",
                    "public_ptr_domain_name": ""
                  }
                ],
                "alias_ip_range": [],
                "ipv6_access_config": [],
                "ipv6_access_type": "",
                "name": "nic0",
                "network": "https://www.googleapis.com/compute/v1/projects/continuum-486419/global/networks/serverpod-production-network",
                "network_ip": "",
                "nic_type": "",
                "queue_count": 0,
                "stack_type": "",
                "subnetwork": "",
                "subnetwork_project": ""
              }
            ],
            "project": "continuum-486419",
            "region": null,
            "reservation_affinity": [],
            "scheduling": [
              {
                "automatic_restart": true,
                "instance_termination_action": "",
                "min_node_cpus": 0,
                "node_affinities": [],
                "on_host_maintenance": "MIGRATE",
                "preemptible": false,
                "provisioning_model": "STANDARD"
              }
            ],
            "self_link": "https://www.googleapis.com/compute/v1/projects/continuum-486419/global/instanceTemplates/serverpod-production-template",
            "service_account": [
              {
                "email": "terraform@continuum-486419.iam.gserviceaccount.com",
                "scopes": [
                  "https://www.googleapis.com/auth/cloud-platform"
                ]
              }
            ],
            "shielded_instance_config": [],
            "tags": [
              "serverpod-production-instance",
              "serverpod-production-instance-ssh"
            ],
            "tags_fingerprint": "",
            "timeouts": null
          },
          "sensitive_attributes": [],
          "identity_schema_version": 0,
          "private": "eyJlMmJmYjczMC1lY2FhLTExZTYtOGY4OC0zNDM2M2JjN2M0YzAiOnsiY3JlYXRlIjoyNDAwMDAwMDAwMDAsImRlbGV0ZSI6MjQwMDAwMDAwMDAwfSwic2NoZW1hX3ZlcnNpb24iOiIxIn0=",
          "dependencies": [
            "module.serverpod_production.google_compute_network.serverpod"
          ]
        }
      ]
    },
    {
      "module": "module.serverpod_production",
      "mode": "managed",
      "type": "google_compute_managed_ssl_certificate",
      "name": "api",
      "provider": "provider[\"registry.terraform.io/hashicorp/google\"]",
      "instances": [
        {
          "schema_version": 0,
          "attributes": {
            "certificate_id": 6396222667877635787,
            "creation_timestamp": "2026-02-08T02:40:36.331-08:00",
            "description": "",
            "expire_time": "2026-05-09T04:19:03.000-07:00",
            "id": "projects/continuum-486419/global/sslCertificates/serverpod-production-api-certificate",
            "managed": [
              {
                "domains": [
                  "api.continuum-agent.online"
                ]
              }
            ],
            "name": "serverpod-production-api-certificate",
            "project": "continuum-486419",
            "self_link": "https://www.googleapis.com/compute/v1/projects/continuum-486419/global/sslCertificates/serverpod-production-api-certificate",
            "subject_alternative_names": [
              "api.continuum-agent.online"
            ],
            "timeouts": null,
            "type": "MANAGED"
          },
          "sensitive_attributes": [],
          "identity_schema_version": 0,
          "private": "eyJlMmJmYjczMC1lY2FhLTExZTYtOGY4OC0zNDM2M2JjN2M0YzAiOnsiY3JlYXRlIjoxODAwMDAwMDAwMDAwLCJkZWxldGUiOjE4MDAwMDAwMDAwMDB9fQ=="
        }
      ]
    },
    {
      "module": "module.serverpod_production",
      "mode": "managed",
      "type": "google_compute_managed_ssl_certificate",
      "name": "insights",
      "provider": "provider[\"registry.terraform.io/hashicorp/google\"]",
      "instances": [
        {
          "schema_version": 0,
          "attributes": {
            "certificate_id": 1380942760238241479,
            "creation_timestamp": "2026-02-08T02:40:40.209-08:00",
            "description": "",
            "expire_time": "2026-05-09T04:19:24.000-07:00",
            "id": "projects/continuum-486419/global/sslCertificates/serverpod-production-insights-certificate",
            "managed": [
              {
                "domains": [
                  "insights.continuum-agent.online"
                ]
              }
            ],
            "name": "serverpod-production-insights-certificate",
            "project": "continuum-486419",
            "self_link": "https://www.googleapis.com/compute/v1/projects/continuum-486419/global/sslCertificates/serverpod-production-insights-certificate",
            "subject_alternative_names": [
              "insights.continuum-agent.online"
            ],
            "timeouts": null,
            "type": "MANAGED"
          },
          "sensitive_attributes": [],
          "identity_schema_version": 0,
          "private": "eyJlMmJmYjczMC1lY2FhLTExZTYtOGY4OC0zNDM2M2JjN2M0YzAiOnsiY3JlYXRlIjoxODAwMDAwMDAwMDAwLCJkZWxldGUiOjE4MDAwMDAwMDAwMDB9fQ=="
        }
      ]
    },
    {
      "module": "module.serverpod_production",
      "mode": "managed",
      "type": "google_compute_managed_ssl_certificate",
      "name": "storage",
      "provider": "provider[\"registry.terraform.io/hashicorp/google\"]",
      "instances": [
        {
          "index_key": 0,
          "schema_version": 0,
          "attributes": {
            "certificate_id": 8468173689570318028,
            "creation_timestamp": "2026-02-08T02:40:35.650-08:00",
            "description": "",
            "expire_time": "2026-05-09T04:18:43.000-07:00",
            "id": "projects/continuum-486419/global/sslCertificates/serverpod-production-storage-certificate",
            "managed": [
              {
                "domains": [
                  "storage.continuum-agent.online"
                ]
              }
            ],
            "name": "serverpod-production-storage-certificate",
            "project": "continuum-486419",
            "self_link": "https://www.googleapis.com/compute/v1/projects/continuum-486419/global/sslCertificates/serverpod-production-storage-certificate",
            "subject_alternative_names": [
              "storage.continuum-agent.online"
            ],
            "timeouts": null,
            "type": "MANAGED"
          },
          "sensitive_attributes": [],
          "identity_schema_version": 0,
          "private": "eyJlMmJmYjczMC1lY2FhLTExZTYtOGY4OC0zNDM2M2JjN2M0YzAiOnsiY3JlYXRlIjoxODAwMDAwMDAwMDAwLCJkZWxldGUiOjE4MDAwMDAwMDAwMDB9fQ=="
        }
      ]
    },
    {
      "module": "module.serverpod_production",
      "mode": "managed",
      "type": "google_compute_managed_ssl_certificate",
      "name": "web",
      "provider": "provider[\"registry.terraform.io/hashicorp/google\"]",
      "instances": [
        {
          "schema_version": 0,
          "attributes": {
            "certificate_id": 5110952235670820556,
            "creation_timestamp": "2026-02-08T02:40:35.855-08:00",
            "description": "",
            "expire_time": "2026-05-09T04:19:12.000-07:00",
            "id": "projects/continuum-486419/global/sslCertificates/serverpod-production-web-certificate",
            "managed": [
              {
                "domains": [
                  "app.continuum-agent.online"
                ]
              }
            ],
            "name": "serverpod-production-web-certificate",
            "project": "continuum-486419",
            "self_link": "https://www.googleapis.com/compute/v1/projects/continuum-486419/global/sslCertificates/serverpod-production-web-certificate",
            "subject_alternative_names": [
              "app.continuum-agent.online"
            ],
            "timeouts": null,
            "type": "MANAGED"
          },
          "sensitive_attributes": [],
          "identity_schema_version": 0,
          "private": "eyJlMmJmYjczMC1lY2FhLTExZTYtOGY4OC0zNDM2M2JjN2M0YzAiOnsiY3JlYXRlIjoxODAwMDAwMDAwMDAwLCJkZWxldGUiOjE4MDAwMDAwMDAwMDB9fQ=="
        }
      ]
    },
    {
      "module": "module.serverpod_production",
      "mode": "managed",
      "type": "google_compute_network",
      "name": "serverpod",
      "provider": "provider[\"registry.terraform.io/hashicorp/google\"]",
      "instances": [
        {
          "schema_version": 0,
          "attributes": {
            "auto_create_subnetworks": true,
            "delete_default_routes_on_create": false,
            "description": "",
            "enable_ula_internal_ipv6": false,
            "gateway_ipv4": "",
            "id": "projects/continuum-486419/global/networks/serverpod-production-network",
            "internal_ipv6_range": "",
            "mtu": 0,
            "name": "serverpod-production-network",
            "project": "continuum-486419",
            "routing_mode": "REGIONAL",
            "self_link": "https://www.googleapis.com/compute/v1/projects/continuum-486419/global/networks/serverpod-production-network",
            "timeouts": null
          },
          "sensitive_attributes": [],
          "identity_schema_version": 0,
          "private": "eyJlMmJmYjczMC1lY2FhLTExZTYtOGY4OC0zNDM2M2JjN2M0YzAiOnsiY3JlYXRlIjoxMjAwMDAwMDAwMDAwLCJkZWxldGUiOjEyMDAwMDAwMDAwMDAsInVwZGF0ZSI6MTIwMDAwMDAwMDAwMH19"
        }
      ]
    },
    {
      "module": "module.serverpod_production",
      "mode": "managed",
      "type": "google_compute_target_https_proxy",
      "name": "api",
      "provider": "provider[\"registry.terraform.io/hashicorp/google\"]",
      "instances": [
        {
          "schema_version": 0,
          "attributes": {
            "certificate_map": "",
            "creation_timestamp": "2026-02-08T03:12:49.290-08:00",
            "description": "",
            "id": "projects/continuum-486419/global/targetHttpsProxies/serverpod-production-proxy-api",
            "name": "serverpod-production-proxy-api",
            "project": "continuum-486419",
            "proxy_bind": false,
            "proxy_id": 2110600048187658590,
            "quic_override": "NONE",
            "self_link": "https://www.googleapis.com/compute/v1/projects/continuum-486419/global/targetHttpsProxies/serverpod-production-proxy-api",
            "ssl_certificates": [
              "https://www.googleapis.com/compute/v1/projects/continuum-486419/global/sslCertificates/serverpod-production-api-certificate"
            ],
            "ssl_policy": "",
            "timeouts": null,
            "url_map": "https://www.googleapis.com/compute/v1/projects/continuum-486419/global/urlMaps/serverpod-production-balancer"
          },
          "sensitive_attributes": [],
          "identity_schema_version": 0,
          "private": "eyJlMmJmYjczMC1lY2FhLTExZTYtOGY4OC0zNDM2M2JjN2M0YzAiOnsiY3JlYXRlIjoxMjAwMDAwMDAwMDAwLCJkZWxldGUiOjEyMDAwMDAwMDAwMDAsInVwZGF0ZSI6MTIwMDAwMDAwMDAwMH19",
          "dependencies": [
            "module.serverpod_production.google_compute_backend_bucket.storage",
            "module.serverpod_production.google_compute_backend_service.api",
            "module.serverpod_production.google_compute_backend_service.insights",
            "module.serverpod_production.google_compute_backend_service.web",
            "module.serverpod_production.google_compute_health_check.serverpod-balancer",
            "module.serverpod_production.google_compute_health_check.serverpod-instance-group",
            "module.serverpod_production.google_compute_instance_group_manager.serverpod",
            "module.serverpod_production.google_compute_instance_template.serverpod",
            "module.serverpod_production.google_compute_managed_ssl_certificate.api",
            "module.serverpod_production.google_compute_network.serverpod",
            "module.serverpod_production.google_compute_url_map.serverpod",
            "module.serverpod_production.google_storage_bucket.public"
          ]
        }
      ]
    },
    {
      "module": "module.serverpod_production",
      "mode": "managed",
      "type": "google_compute_target_https_proxy",
      "name": "insights",
      "provider": "provider[\"registry.terraform.io/hashicorp/google\"]",
      "instances": [
        {
          "schema_version": 0,
          "attributes": {
            "certificate_map": "",
            "creation_timestamp": "2026-02-08T03:12:49.143-08:00",
            "description": "",
            "id": "projects/continuum-486419/global/targetHttpsProxies/serverpod-production-proxy-insights",
            "name": "serverpod-production-proxy-insights",
            "project": "continuum-486419",
            "proxy_bind": false,
            "proxy_id": 8654323933025522014,
            "quic_override": "NONE",
            "self_link": "https://www.googleapis.com/compute/v1/projects/continuum-486419/global/targetHttpsProxies/serverpod-production-proxy-insights",
            "ssl_certificates": [
              "https://www.googleapis.com/compute/v1/projects/continuum-486419/global/sslCertificates/serverpod-production-insights-certificate"
            ],
            "ssl_policy": "",
            "timeouts": null,
            "url_map": "https://www.googleapis.com/compute/v1/projects/continuum-486419/global/urlMaps/serverpod-production-balancer"
          },
          "sensitive_attributes": [],
          "identity_schema_version": 0,
          "private": "eyJlMmJmYjczMC1lY2FhLTExZTYtOGY4OC0zNDM2M2JjN2M0YzAiOnsiY3JlYXRlIjoxMjAwMDAwMDAwMDAwLCJkZWxldGUiOjEyMDAwMDAwMDAwMDAsInVwZGF0ZSI6MTIwMDAwMDAwMDAwMH19",
          "dependencies": [
            "module.serverpod_production.google_compute_backend_bucket.storage",
            "module.serverpod_production.google_compute_backend_service.api",
            "module.serverpod_production.google_compute_backend_service.insights",
            "module.serverpod_production.google_compute_backend_service.web",
            "module.serverpod_production.google_compute_health_check.serverpod-balancer",
            "module.serverpod_production.google_compute_health_check.serverpod-instance-group",
            "module.serverpod_production.google_compute_instance_group_manager.serverpod",
            "module.serverpod_production.google_compute_instance_template.serverpod",
            "module.serverpod_production.google_compute_managed_ssl_certificate.insights",
            "module.serverpod_production.google_compute_network.serverpod",
            "module.serverpod_production.google_compute_url_map.serverpod",
            "module.serverpod_production.google_storage_bucket.public"
          ]
        }
      ]
    },
    {
      "module": "module.serverpod_production",
      "mode": "managed",
      "type": "google_compute_target_https_proxy",
      "name": "storage",
      "provider": "provider[\"registry.terraform.io/hashicorp/google\"]",
      "instances": [
        {
          "index_key": 0,
          "schema_version": 0,
          "attributes": {
            "certificate_map": "",
            "creation_timestamp": "2026-02-08T03:12:49.326-08:00",
            "description": "",
            "id": "projects/continuum-486419/global/targetHttpsProxies/serverpod-production-proxy-storage",
            "name": "serverpod-production-proxy-storage",
            "project": "continuum-486419",
            "proxy_bind": false,
            "proxy_id": 3588709942139670878,
            "quic_override": "NONE",
            "self_link": "https://www.googleapis.com/compute/v1/projects/continuum-486419/global/targetHttpsProxies/serverpod-production-proxy-storage",
            "ssl_certificates": [
              "https://www.googleapis.com/compute/v1/projects/continuum-486419/global/sslCertificates/serverpod-production-storage-certificate"
            ],
            "ssl_policy": "",
            "timeouts": null,
            "url_map": "https://www.googleapis.com/compute/v1/projects/continuum-486419/global/urlMaps/serverpod-production-balancer"
          },
          "sensitive_attributes": [],
          "identity_schema_version": 0,
          "private": "eyJlMmJmYjczMC1lY2FhLTExZTYtOGY4OC0zNDM2M2JjN2M0YzAiOnsiY3JlYXRlIjoxMjAwMDAwMDAwMDAwLCJkZWxldGUiOjEyMDAwMDAwMDAwMDAsInVwZGF0ZSI6MTIwMDAwMDAwMDAwMH19",
          "dependencies": [
            "module.serverpod_production.google_compute_backend_bucket.storage",
            "module.serverpod_production.google_compute_backend_service.api",
            "module.serverpod_production.google_compute_backend_service.insights",
            "module.serverpod_production.google_compute_backend_service.web",
            "module.serverpod_production.google_compute_health_check.serverpod-balancer",
            "module.serverpod_production.google_compute_health_check.serverpod-instance-group",
            "module.serverpod_production.google_compute_instance_group_manager.serverpod",
            "module.serverpod_production.google_compute_instance_template.serverpod",
            "module.serverpod_production.google_compute_managed_ssl_certificate.storage",
            "module.serverpod_production.google_compute_network.serverpod",
            "module.serverpod_production.google_compute_url_map.serverpod",
            "module.serverpod_production.google_storage_bucket.public"
          ]
        }
      ]
    },
    {
      "module": "module.serverpod_production",
      "mode": "managed",
      "type": "google_compute_target_https_proxy",
      "name": "web",
      "provider": "provider[\"registry.terraform.io/hashicorp/google\"]",
      "instances": [
        {
          "schema_version": 0,
          "attributes": {
            "certificate_map": "",
            "creation_timestamp": "2026-02-08T03:12:49.333-08:00",
            "description": "",
            "id": "projects/continuum-486419/global/targetHttpsProxies/serverpod-production-proxy-web",
            "name": "serverpod-production-proxy-web",
            "project": "continuum-486419",
            "proxy_bind": false,
            "proxy_id": 7658876931880112478,
            "quic_override": "NONE",
            "self_link": "https://www.googleapis.com/compute/v1/projects/continuum-486419/global/targetHttpsProxies/serverpod-production-proxy-web",
            "ssl_certificates": [
              "https://www.googleapis.com/compute/v1/projects/continuum-486419/global/sslCertificates/serverpod-production-web-certificate"
            ],
            "ssl_policy": "",
            "timeouts": null,
            "url_map": "https://www.googleapis.com/compute/v1/projects/continuum-486419/global/urlMaps/serverpod-production-balancer"
          },
          "sensitive_attributes": [],
          "identity_schema_version": 0,
          "private": "eyJlMmJmYjczMC1lY2FhLTExZTYtOGY4OC0zNDM2M2JjN2M0YzAiOnsiY3JlYXRlIjoxMjAwMDAwMDAwMDAwLCJkZWxldGUiOjEyMDAwMDAwMDAwMDAsInVwZGF0ZSI6MTIwMDAwMDAwMDAwMH19",
          "dependencies": [
            "module.serverpod_production.google_compute_backend_bucket.storage",
            "module.serverpod_production.google_compute_backend_service.api",
            "module.serverpod_production.google_compute_backend_service.insights",
            "module.serverpod_production.google_compute_backend_service.web",
            "module.serverpod_production.google_compute_health_check.serverpod-balancer",
            "module.serverpod_production.google_compute_health_check.serverpod-instance-group",
            "module.serverpod_production.google_compute_instance_group_manager.serverpod",
            "module.serverpod_production.google_compute_instance_template.serverpod",
            "module.serverpod_production.google_compute_managed_ssl_certificate.web",
            "module.serverpod_production.google_compute_managed_ssl_certificate.web-top-domain",
            "module.serverpod_production.google_compute_network.serverpod",
            "module.serverpod_production.google_compute_url_map.serverpod",
            "module.serverpod_production.google_storage_bucket.public"
          ]
        }
      ]
    },
    {
      "module": "module.serverpod_production",
      "mode": "managed",
      "type": "google_compute_url_map",
      "name": "serverpod",
      "provider": "provider[\"registry.terraform.io/hashicorp/google\"]",
      "instances": [
        {
          "schema_version": 0,
          "attributes": {
            "creation_timestamp": "2026-02-08T03:12:36.826-08:00",
            "default_route_action": [],
            "default_service": "https://www.googleapis.com/compute/v1/projects/continuum-486419/global/backendServices/serverpod-production-backend-web",
            "default_url_redirect": [],
            "description": "",
            "fingerprint": "hD6DbtWzWhE=",
            "header_action": [],
            "host_rule": [
              {
                "description": "",
                "hosts": [
                  "api.continuum-agent.online"
                ],
                "path_matcher": "api"
              },
              {
                "description": "",
                "hosts": [
                  "insights.continuum-agent.online"
                ],
                "path_matcher": "insights"
              },
              {
                "description": "",
                "hosts": [
                  "storage.continuum-agent.online"
                ],
                "path_matcher": "storage"
              }
            ],
            "id": "projects/continuum-486419/global/urlMaps/serverpod-production-balancer",
            "map_id": 5012929403960021323,
            "name": "serverpod-production-balancer",
            "path_matcher": [
              {
                "default_route_action": [],
                "default_service": "https://www.googleapis.com/compute/v1/projects/continuum-486419/global/backendServices/serverpod-production-backend-api",
                "default_url_redirect": [],
                "description": "",
                "header_action": [],
                "name": "api",
                "path_rule": [],
                "route_rules": []
              },
              {
                "default_route_action": [],
                "default_service": "https://www.googleapis.com/compute/v1/projects/continuum-486419/global/backendServices/serverpod-production-backend-insights",
                "default_url_redirect": [],
                "description": "",
                "header_action": [],
                "name": "insights",
                "path_rule": [],
                "route_rules": []
              },
              {
                "default_route_action": [],
                "default_service": "https://www.googleapis.com/compute/v1/projects/continuum-486419/global/backendBuckets/serverpod-production-backend-storage",
                "default_url_redirect": [],
                "description": "",
                "header_action": [],
                "name": "storage",
                "path_rule": [],
                "route_rules": []
              }
            ],
            "project": "continuum-486419",
            "self_link": "https://www.googleapis.com/compute/v1/projects/continuum-486419/global/urlMaps/serverpod-production-balancer",
            "test": [],
            "timeouts": null
          },
          "sensitive_attributes": [],
          "identity_schema_version": 0,
          "private": "eyJlMmJmYjczMC1lY2FhLTExZTYtOGY4OC0zNDM2M2JjN2M0YzAiOnsiY3JlYXRlIjoxMjAwMDAwMDAwMDAwLCJkZWxldGUiOjEyMDAwMDAwMDAwMDAsInVwZGF0ZSI6MTIwMDAwMDAwMDAwMH19",
          "dependencies": [
            "module.serverpod_production.google_compute_backend_bucket.storage",
            "module.serverpod_production.google_compute_backend_service.api",
            "module.serverpod_production.google_compute_backend_service.insights",
            "module.serverpod_production.google_compute_backend_service.web",
            "module.serverpod_production.google_compute_health_check.serverpod-balancer",
            "module.serverpod_production.google_compute_health_check.serverpod-instance-group",
            "module.serverpod_production.google_compute_instance_group_manager.serverpod",
            "module.serverpod_production.google_compute_instance_template.serverpod",
            "module.serverpod_production.google_compute_network.serverpod",
            "module.serverpod_production.google_storage_bucket.public"
          ]
        }
      ]
    },
    {
      "module": "module.serverpod_production",
      "mode": "managed",
      "type": "google_dns_managed_zone",
      "name": "private-dns",
      "provider": "provider[\"registry.terraform.io/hashicorp/google\"]",
      "instances": [
        {
          "schema_version": 0,
          "attributes": {
            "cloud_logging_config": [
              {
                "enable_logging": false
              }
            ],
            "creation_time": "2026-02-08T10:41:20.075Z",
            "description": "Managed by Terraform",
            "dns_name": "private-production.continuum-agent.online.",
            "dnssec_config": [],
            "force_destroy": false,
            "forwarding_config": [],
            "id": "projects/continuum-486419/managedZones/serverpod-production-private",
            "labels": {},
            "managed_zone_id": 3337667957453794280,
            "name": "serverpod-production-private",
            "name_servers": [
              "ns-gcp-private.googledomains.com."
            ],
            "peering_config": [],
            "private_visibility_config": [
              {
                "gke_clusters": [],
                "networks": [
                  {
                    "network_url": "https://www.googleapis.com/compute/v1/projects/continuum-486419/global/networks/serverpod-production-network"
                  }
                ]
              }
            ],
            "project": "continuum-486419",
            "timeouts": null,
            "visibility": "private"
          },
          "sensitive_attributes": [],
          "identity_schema_version": 0,
          "private": "eyJlMmJmYjczMC1lY2FhLTExZTYtOGY4OC0zNDM2M2JjN2M0YzAiOnsiY3JlYXRlIjoxMjAwMDAwMDAwMDAwLCJkZWxldGUiOjEyMDAwMDAwMDAwMDAsInVwZGF0ZSI6MTIwMDAwMDAwMDAwMH19",
          "dependencies": [
            "module.serverpod_production.google_compute_network.serverpod"
          ]
        }
      ]
    },
    {
      "module": "module.serverpod_production",
      "mode": "managed",
      "type": "google_dns_record_set",
      "name": "api",
      "provider": "provider[\"registry.terraform.io/hashicorp/google\"]",
      "instances": [
        {
          "schema_version": 0,
          "attributes": {
            "id": "projects/continuum-486419/managedZones/prodzone/rrsets/api.continuum-agent.online./A",
            "managed_zone": "prodzone",
            "name": "api.continuum-agent.online.",
            "project": "continuum-486419",
            "routing_policy": [],
            "rrdatas": [
              "136.110.174.183"
            ],
            "ttl": 60,
            "type": "A"
          },
          "sensitive_attributes": [],
          "identity_schema_version": 0,
          "private": "bnVsbA==",
          "dependencies": [
            "module.serverpod_production.google_compute_backend_bucket.storage",
            "module.serverpod_production.google_compute_backend_service.api",
            "module.serverpod_production.google_compute_backend_service.insights",
            "module.serverpod_production.google_compute_backend_service.web",
            "module.serverpod_production.google_compute_global_forwarding_rule.api",
            "module.serverpod_production.google_compute_health_check.serverpod-balancer",
            "module.serverpod_production.google_compute_health_check.serverpod-instance-group",
            "module.serverpod_production.google_compute_instance_group_manager.serverpod",
            "module.serverpod_production.google_compute_instance_template.serverpod",
            "module.serverpod_production.google_compute_managed_ssl_certificate.api",
            "module.serverpod_production.google_compute_network.serverpod",
            "module.serverpod_production.google_compute_target_https_proxy.api",
            "module.serverpod_production.google_compute_url_map.serverpod",
            "module.serverpod_production.google_storage_bucket.public"
          ]
        }
      ]
    },
    {
      "module": "module.serverpod_production",
      "mode": "managed",
      "type": "google_dns_record_set",
      "name": "database",
      "provider": "provider[\"registry.terraform.io/hashicorp/google\"]",
      "instances": [
        {
          "schema_version": 0,
          "attributes": {
            "id": "projects/continuum-486419/managedZones/prodzone/rrsets/database.continuum-agent.online./A",
            "managed_zone": "prodzone",
            "name": "database.continuum-agent.online.",
            "project": "continuum-486419",
            "routing_policy": [],
            "rrdatas": [
              "34.30.216.123"
            ],
            "ttl": 60,
            "type": "A"
          },
          "sensitive_attributes": [],
          "identity_schema_version": 0,
          "private": "bnVsbA==",
          "dependencies": [
            "module.serverpod_production.google_compute_global_address.private-ip",
            "module.serverpod_production.google_compute_network.serverpod",
            "module.serverpod_production.google_service_networking_connection.private-vpc-connection",
            "module.serverpod_production.google_sql_database_instance.serverpod"
          ]
        }
      ]
    },
    {
      "module": "module.serverpod_production",
      "mode": "managed",
      "type": "google_dns_record_set",
      "name": "database-private",
      "provider": "provider[\"registry.terraform.io/hashicorp/google\"]",
      "instances": [
        {
          "schema_version": 0,
          "attributes": {
            "id": "projects/continuum-486419/managedZones/serverpod-production-private/rrsets/database.private-production.continuum-agent.online./A",
            "managed_zone": "serverpod-production-private",
            "name": "database.private-production.continuum-agent.online.",
            "project": "continuum-486419",
            "routing_policy": [],
            "rrdatas": [
              "10.44.0.3"
            ],
            "ttl": 60,
            "type": "A"
          },
          "sensitive_attributes": [],
          "identity_schema_version": 0,
          "private": "bnVsbA==",
          "dependencies": [
            "module.serverpod_production.google_compute_global_address.private-ip",
            "module.serverpod_production.google_compute_network.serverpod",
            "module.serverpod_production.google_service_networking_connection.private-vpc-connection",
            "module.serverpod_production.google_sql_database_instance.serverpod"
          ]
        }
      ]
    },
    {
      "module": "module.serverpod_production",
      "mode": "managed",
      "type": "google_dns_record_set",
      "name": "insights",
      "provider": "provider[\"registry.terraform.io/hashicorp/google\"]",
      "instances": [
        {
          "schema_version": 0,
          "attributes": {
            "id": "projects/continuum-486419/managedZones/prodzone/rrsets/insights.continuum-agent.online./A",
            "managed_zone": "prodzone",
            "name": "insights.continuum-agent.online.",
            "project": "continuum-486419",
            "routing_policy": [],
            "rrdatas": [
              "34.149.158.164"
            ],
            "ttl": 60,
            "type": "A"
          },
          "sensitive_attributes": [],
          "identity_schema_version": 0,
          "private": "bnVsbA==",
          "dependencies": [
            "module.serverpod_production.google_compute_backend_bucket.storage",
            "module.serverpod_production.google_compute_backend_service.api",
            "module.serverpod_production.google_compute_backend_service.insights",
            "module.serverpod_production.google_compute_backend_service.web",
            "module.serverpod_production.google_compute_global_forwarding_rule.insights",
            "module.serverpod_production.google_compute_health_check.serverpod-balancer",
            "module.serverpod_production.google_compute_health_check.serverpod-instance-group",
            "module.serverpod_production.google_compute_instance_group_manager.serverpod",
            "module.serverpod_production.google_compute_instance_template.serverpod",
            "module.serverpod_production.google_compute_managed_ssl_certificate.insights",
            "module.serverpod_production.google_compute_network.serverpod",
            "module.serverpod_production.google_compute_target_https_proxy.insights",
            "module.serverpod_production.google_compute_url_map.serverpod",
            "module.serverpod_production.google_storage_bucket.public"
          ]
        }
      ]
    },
    {
      "module": "module.serverpod_production",
      "mode": "managed",
      "type": "google_dns_record_set",
      "name": "storage",
      "provider": "provider[\"registry.terraform.io/hashicorp/google\"]",
      "instances": [
        {
          "index_key": 0,
          "schema_version": 0,
          "attributes": {
            "id": "projects/continuum-486419/managedZones/prodzone/rrsets/storage.continuum-agent.online./A",
            "managed_zone": "prodzone",
            "name": "storage.continuum-agent.online.",
            "project": "continuum-486419",
            "routing_policy": [],
            "rrdatas": [
              "35.244.196.56"
            ],
            "ttl": 60,
            "type": "A"
          },
          "sensitive_attributes": [],
          "identity_schema_version": 0,
          "private": "bnVsbA==",
          "dependencies": [
            "module.serverpod_production.google_compute_backend_bucket.storage",
            "module.serverpod_production.google_compute_backend_service.api",
            "module.serverpod_production.google_compute_backend_service.insights",
            "module.serverpod_production.google_compute_backend_service.web",
            "module.serverpod_production.google_compute_global_forwarding_rule.storage",
            "module.serverpod_production.google_compute_health_check.serverpod-balancer",
            "module.serverpod_production.google_compute_health_check.serverpod-instance-group",
            "module.serverpod_production.google_compute_instance_group_manager.serverpod",
            "module.serverpod_production.google_compute_instance_template.serverpod",
            "module.serverpod_production.google_compute_managed_ssl_certificate.storage",
            "module.serverpod_production.google_compute_network.serverpod",
            "module.serverpod_production.google_compute_target_https_proxy.storage",
            "module.serverpod_production.google_compute_url_map.serverpod",
            "module.serverpod_production.google_storage_bucket.public"
          ]
        }
      ]
    },
    {
      "module": "module.serverpod_production",
      "mode": "managed",
      "type": "google_dns_record_set",
      "name": "web",
      "provider": "provider[\"registry.terraform.io/hashicorp/google\"]",
      "instances": [
        {
          "schema_version": 0,
          "attributes": {
            "id": "projects/continuum-486419/managedZones/prodzone/rrsets/app.continuum-agent.online./A",
            "managed_zone": "prodzone",
            "name": "app.continuum-agent.online.",
            "project": "continuum-486419",
            "routing_policy": [],
            "rrdatas": [
              "35.244.200.25"
            ],
            "ttl": 60,
            "type": "A"
          },
          "sensitive_attributes": [],
          "identity_schema_version": 0,
          "private": "bnVsbA==",
          "dependencies": [
            "module.serverpod_production.google_compute_backend_bucket.storage",
            "module.serverpod_production.google_compute_backend_service.api",
            "module.serverpod_production.google_compute_backend_service.insights",
            "module.serverpod_production.google_compute_backend_service.web",
            "module.serverpod_production.google_compute_global_forwarding_rule.web",
            "module.serverpod_production.google_compute_health_check.serverpod-balancer",
            "module.serverpod_production.google_compute_health_check.serverpod-instance-group",
            "module.serverpod_production.google_compute_instance_group_manager.serverpod",
            "module.serverpod_production.google_compute_instance_template.serverpod",
            "module.serverpod_production.google_compute_managed_ssl_certificate.web",
            "module.serverpod_production.google_compute_managed_ssl_certificate.web-top-domain",
            "module.serverpod_production.google_compute_network.serverpod",
            "module.serverpod_production.google_compute_target_https_proxy.web",
            "module.serverpod_production.google_compute_url_map.serverpod",
            "module.serverpod_production.google_storage_bucket.public"
          ]
        }
      ]
    },
    {
      "module": "module.serverpod_production",
      "mode": "managed",
      "type": "google_project_service",
      "name": "gcp_services",
      "provider": "provider[\"registry.terraform.io/hashicorp/google\"]",
      "instances": [
        {
          "index_key": 0,
          "schema_version": 0,
          "attributes": {
            "disable_dependent_services": null,
            "disable_on_destroy": false,
            "id": "continuum-486419/artifactregistry.googleapis.com",
            "project": "continuum-486419",
            "service": "artifactregistry.googleapis.com",
            "timeouts": null
          },
          "sensitive_attributes": [],
          "identity_schema_version": 0,
          "private": "eyJlMmJmYjczMC1lY2FhLTExZTYtOGY4OC0zNDM2M2JjN2M0YzAiOnsiY3JlYXRlIjoxMjAwMDAwMDAwMDAwLCJkZWxldGUiOjEyMDAwMDAwMDAwMDAsInJlYWQiOjYwMDAwMDAwMDAwMCwidXBkYXRlIjoxMjAwMDAwMDAwMDAwfX0="
        },
        {
          "index_key": 1,
          "schema_version": 0,
          "attributes": {
            "disable_dependent_services": null,
            "disable_on_destroy": false,
            "id": "continuum-486419/certificatemanager.googleapis.com",
            "project": "continuum-486419",
            "service": "certificatemanager.googleapis.com",
            "timeouts": null
          },
          "sensitive_attributes": [],
          "identity_schema_version": 0,
          "private": "eyJlMmJmYjczMC1lY2FhLTExZTYtOGY4OC0zNDM2M2JjN2M0YzAiOnsiY3JlYXRlIjoxMjAwMDAwMDAwMDAwLCJkZWxldGUiOjEyMDAwMDAwMDAwMDAsInJlYWQiOjYwMDAwMDAwMDAwMCwidXBkYXRlIjoxMjAwMDAwMDAwMDAwfX0="
        },
        {
          "index_key": 2,
          "schema_version": 0,
          "attributes": {
            "disable_dependent_services": null,
            "disable_on_destroy": false,
            "id": "continuum-486419/dns.googleapis.com",
            "project": "continuum-486419",
            "service": "dns.googleapis.com",
            "timeouts": null
          },
          "sensitive_attributes": [],
          "identity_schema_version": 0,
          "private": "eyJlMmJmYjczMC1lY2FhLTExZTYtOGY4OC0zNDM2M2JjN2M0YzAiOnsiY3JlYXRlIjoxMjAwMDAwMDAwMDAwLCJkZWxldGUiOjEyMDAwMDAwMDAwMDAsInJlYWQiOjYwMDAwMDAwMDAwMCwidXBkYXRlIjoxMjAwMDAwMDAwMDAwfX0="
        },
        {
          "index_key": 3,
          "schema_version": 0,
          "attributes": {
            "disable_dependent_services": null,
            "disable_on_destroy": false,
            "id": "continuum-486419/cloudresourcemanager.googleapis.com",
            "project": "continuum-486419",
            "service": "cloudresourcemanager.googleapis.com",
            "timeouts": null
          },
          "sensitive_attributes": [],
          "identity_schema_version": 0,
          "private": "eyJlMmJmYjczMC1lY2FhLTExZTYtOGY4OC0zNDM2M2JjN2M0YzAiOnsiY3JlYXRlIjoxMjAwMDAwMDAwMDAwLCJkZWxldGUiOjEyMDAwMDAwMDAwMDAsInJlYWQiOjYwMDAwMDAwMDAwMCwidXBkYXRlIjoxMjAwMDAwMDAwMDAwfX0="
        },
        {
          "index_key": 4,
          "schema_version": 0,
          "attributes": {
            "disable_dependent_services": null,
            "disable_on_destroy": false,
            "id": "continuum-486419/compute.googleapis.com",
            "project": "continuum-486419",
            "service": "compute.googleapis.com",
            "timeouts": null
          },
          "sensitive_attributes": [],
          "identity_schema_version": 0,
          "private": "eyJlMmJmYjczMC1lY2FhLTExZTYtOGY4OC0zNDM2M2JjN2M0YzAiOnsiY3JlYXRlIjoxMjAwMDAwMDAwMDAwLCJkZWxldGUiOjEyMDAwMDAwMDAwMDAsInJlYWQiOjYwMDAwMDAwMDAwMCwidXBkYXRlIjoxMjAwMDAwMDAwMDAwfX0="
        },
        {
          "index_key": 5,
          "schema_version": 0,
          "attributes": {
            "disable_dependent_services": null,
            "disable_on_destroy": false,
            "id": "continuum-486419/servicenetworking.googleapis.com",
            "project": "continuum-486419",
            "service": "servicenetworking.googleapis.com",
            "timeouts": null
          },
          "sensitive_attributes": [],
          "identity_schema_version": 0,
          "private": "eyJlMmJmYjczMC1lY2FhLTExZTYtOGY4OC0zNDM2M2JjN2M0YzAiOnsiY3JlYXRlIjoxMjAwMDAwMDAwMDAwLCJkZWxldGUiOjEyMDAwMDAwMDAwMDAsInJlYWQiOjYwMDAwMDAwMDAwMCwidXBkYXRlIjoxMjAwMDAwMDAwMDAwfX0="
        },
        {
          "index_key": 6,
          "schema_version": 0,
          "attributes": {
            "disable_dependent_services": null,
            "disable_on_destroy": false,
            "id": "continuum-486419/sqladmin.googleapis.com",
            "project": "continuum-486419",
            "service": "sqladmin.googleapis.com",
            "timeouts": null
          },
          "sensitive_attributes": [],
          "identity_schema_version": 0,
          "private": "eyJlMmJmYjczMC1lY2FhLTExZTYtOGY4OC0zNDM2M2JjN2M0YzAiOnsiY3JlYXRlIjoxMjAwMDAwMDAwMDAwLCJkZWxldGUiOjEyMDAwMDAwMDAwMDAsInJlYWQiOjYwMDAwMDAwMDAwMCwidXBkYXRlIjoxMjAwMDAwMDAwMDAwfX0="
        }
      ]
    },
    {
      "module": "module.serverpod_production",
      "mode": "managed",
      "type": "google_service_networking_connection",
      "name": "private-vpc-connection",
      "provider": "provider[\"registry.terraform.io/hashicorp/google\"]",
      "instances": [
        {
          "schema_version": 0,
          "attributes": {
            "id": "projects%2Fcontinuum-486419%2Fglobal%2Fnetworks%2Fserverpod-production-network:servicenetworking.googleapis.com",
            "network": "projects/continuum-486419/global/networks/serverpod-production-network",
            "peering": "servicenetworking-googleapis-com",
            "reserved_peering_ranges": [
              "serverpod-production-private-ip"
            ],
            "service": "servicenetworking.googleapis.com",
            "timeouts": null
          },
          "sensitive_attributes": [],
          "identity_schema_version": 0,
          "private": "eyJlMmJmYjczMC1lY2FhLTExZTYtOGY4OC0zNDM2M2JjN2M0YzAiOnsiY3JlYXRlIjo2MDAwMDAwMDAwMDAsImRlbGV0ZSI6NjAwMDAwMDAwMDAwLCJ1cGRhdGUiOjYwMDAwMDAwMDAwMH19",
          "dependencies": [
            "module.serverpod_production.google_compute_global_address.private-ip",
            "module.serverpod_production.google_compute_network.serverpod"
          ]
        }
      ]
    },
    {
      "module": "module.serverpod_production",
      "mode": "managed",
      "type": "google_sql_database",
      "name": "serverpod",
      "provider": "provider[\"registry.terraform.io/hashicorp/google\"]",
      "instances": [
        {
          "schema_version": 0,
          "attributes": {
            "charset": "UTF8",
            "collation": "en_US.UTF8",
            "deletion_policy": "DELETE",
            "id": "projects/continuum-486419/instances/serverpod-production-database/databases/serverpod",
            "instance": "serverpod-production-database",
            "name": "serverpod",
            "project": "continuum-486419",
            "self_link": "https://sqladmin.googleapis.com/sql/v1beta4/projects/continuum-486419/instances/serverpod-production-database/databases/serverpod",
            "timeouts": null
          },
          "sensitive_attributes": [],
          "identity_schema_version": 0,
          "private": "eyJlMmJmYjczMC1lY2FhLTExZTYtOGY4OC0zNDM2M2JjN2M0YzAiOnsiY3JlYXRlIjoxMjAwMDAwMDAwMDAwLCJkZWxldGUiOjEyMDAwMDAwMDAwMDAsInVwZGF0ZSI6MTIwMDAwMDAwMDAwMH19",
          "dependencies": [
            "module.serverpod_production.google_compute_global_address.private-ip",
            "module.serverpod_production.google_compute_network.serverpod",
            "module.serverpod_production.google_service_networking_connection.private-vpc-connection",
            "module.serverpod_production.google_sql_database_instance.serverpod"
          ]
        }
      ]
    },
    {
      "module": "module.serverpod_production",
      "mode": "managed",
      "type": "google_sql_database_instance",
      "name": "serverpod",
      "provider": "provider[\"registry.terraform.io/hashicorp/google\"]",
      "instances": [
        {
          "schema_version": 0,
          "attributes": {
            "available_maintenance_versions": [],
            "clone": [],
            "connection_name": "continuum-486419:us-central1:serverpod-production-database",
            "database_version": "POSTGRES_14",
            "deletion_protection": true,
            "encryption_key_name": null,
            "first_ip_address": "34.30.216.123",
            "id": "serverpod-production-database",
            "instance_type": "CLOUD_SQL_INSTANCE",
            "ip_address": [
              {
                "ip_address": "34.30.216.123",
                "time_to_retire": "",
                "type": "PRIMARY"
              },
              {
                "ip_address": "35.188.218.88",
                "time_to_retire": "",
                "type": "OUTGOING"
              },
              {
                "ip_address": "10.44.0.3",
                "time_to_retire": "",
                "type": "PRIVATE"
              }
            ],
            "maintenance_version": "POSTGRES_14_20.R20260108.01_01",
            "master_instance_name": "",
            "name": "serverpod-production-database",
            "private_ip_address": "10.44.0.3",
            "project": "continuum-486419",
            "public_ip_address": "34.30.216.123",
            "region": "us-central1",
            "replica_configuration": [],
            "restore_backup_context": [],
            "root_password": null,
            "self_link": "https://sqladmin.googleapis.com/sql/v1beta4/projects/continuum-486419/instances/serverpod-production-database",
            "server_ca_cert": [
              {
                "cert": "-----BEGIN CERTIFICATE-----\nMIIDfzCCAmegAwIBAgIBADANBgkqhkiG9w0BAQsFADB3MS0wKwYDVQQuEyQ4ZjM2\nNmUxNy1kMWE4LTRkYTItOWViOS1hMGIzOTEzZmJiMmYxIzAhBgNVBAMTGkdvb2ds\nZSBDbG91ZCBTUUwgU2VydmVyIENBMRQwEgYDVQQKEwtHb29nbGUsIEluYzELMAkG\nA1UEBhMCVVMwHhcNMjYwMjA4MTA0NTQyWhcNMzYwMjA2MTA0NjQyWjB3MS0wKwYD\nVQQuEyQ4ZjM2NmUxNy1kMWE4LTRkYTItOWViOS1hMGIzOTEzZmJiMmYxIzAhBgNV\nBAMTGkdvb2dsZSBDbG91ZCBTUUwgU2VydmVyIENBMRQwEgYDVQQKEwtHb29nbGUs\nIEluYzELMAkGA1UEBhMCVVMwggEiMA0GCSqGSIb3DQEBAQUAA4IBDwAwggEKAoIB\nAQDQAjRAZB4PRscrsqdsbfGZJ961GPhKasnf0TR4P110db5qXgr4vMCu8p8OLICQ\nUWhvqiLrtOwwI8wY0Msw0up6zd798saemArDa95sYsOmAZ49vC5rIpJGlNFm6mrF\nTJ1UJ80CiP+xBUYVjdx4nLAtY0AYxUNJBXQ52gx1gAR/6hvyd6N+gQ4a81wKs43T\nHTK2cwJoWUT/eOnBQoGTQ0BD7Itg4XnT/B/AXtKyIwg0PRXteDJ7ua1BI2kJY+Lr\nvDaTEcJMaSR1UjbVaphJDPV6dEBvlXxshLvR2HviAEgelO6/L3lb2bGb8OXWFe2k\nZbRWPDjno/MTS/5BsSW7PMq3AgMBAAGjFjAUMBIGA1UdEwEB/wQIMAYBAf8CAQAw\nDQYJKoZIhvcNAQELBQADggEBAG1VhSVQAoFMJq/otxe2PwU4rKmCFofHCUerV4If\n7U8yZpUJxfnuhWbVS4KyxQHNOCg+uvDMfEW4NAsAGUTK2P9jzlg+NruacANDu/5y\nJFS1LCwEb+xKxJ3J49Uc6XOTe4WySLOOzvcLIax2WrazcYXOxQBabf1dTawYDpLS\nzqmTwqQz2ljvaA2cam7zhKcQ2llnwc9gzoyR8DknwRaR8VWW+jHTz8lRegiDz+AL\nbL468+oeKf5IEJ03BEBPKqWktJg9vptPIqP4v0bDypIUL3dWUKk3AN9zmaSR92/w\nP8GSOb78Aevr3K0mpAQP4hZFXURSlwBRxQrrPIHA4W1AiVo=\n-----END CERTIFICATE-----",
                "common_name": "C=US,O=Google\\, Inc,CN=Google Cloud SQL Server CA,dnQualifier=8f366e17-d1a8-4da2-9eb9-a0b3913fbb2f",
                "create_time": "2026-02-08T10:45:42.617Z",
                "expiration_time": "2036-02-06T10:46:42.617Z",
                "sha1_fingerprint": "8322e1c27d29b2700523419d299a54e414e1feb7"
              }
            ],
            "service_account_email_address": "p591200543613-pds58y@gcp-sa-cloud-sql.iam.gserviceaccount.com",
            "settings": [
              {
                "activation_policy": "ALWAYS",
                "active_directory_config": [],
                "availability_type": "ZONAL",
                "backup_configuration": [
                  {
                    "backup_retention_settings": [
                      {
                        "retained_backups": 7,
                        "retention_unit": "COUNT"
                      }
                    ],
                    "binary_log_enabled": false,
                    "enabled": true,
                    "location": "",
                    "point_in_time_recovery_enabled": false,
                    "start_time": "16:00",
                    "transaction_log_retention_days": 7
                  }
                ],
                "collation": "",
                "connector_enforcement": "NOT_REQUIRED",
                "database_flags": [],
                "deletion_protection_enabled": false,
                "deny_maintenance_period": [],
                "disk_autoresize": true,
                "disk_autoresize_limit": 0,
                "disk_size": 10,
                "disk_type": "PD_SSD",
                "insights_config": [],
                "ip_configuration": [
                  {
                    "allocated_ip_range": "",
                    "authorized_networks": [],
                    "ipv4_enabled": true,
                    "private_network": "projects/continuum-486419/global/networks/serverpod-production-network",
                    "require_ssl": false
                  }
                ],
                "location_preference": [
                  {
                    "follow_gae_application": "",
                    "secondary_zone": "",
                    "zone": "us-central1-c"
                  }
                ],
                "maintenance_window": [],
                "password_validation_policy": [],
                "pricing_plan": "PER_USE",
                "sql_server_audit_config": [],
                "tier": "db-f1-micro",
                "time_zone": "",
                "user_labels": {},
                "version": 6
              }
            ],
            "timeouts": null
          },
          "sensitive_attributes": [
            [
              {
                "type": "get_attr",
                "value": "root_password"
              }
            ]
          ],
          "identity_schema_version": 0,
          "private": "eyJlMmJmYjczMC1lY2FhLTExZTYtOGY4OC0zNDM2M2JjN2M0YzAiOnsiY3JlYXRlIjoyNDAwMDAwMDAwMDAwLCJkZWxldGUiOjE4MDAwMDAwMDAwMDAsInVwZGF0ZSI6MTgwMDAwMDAwMDAwMH19",
          "dependencies": [
            "module.serverpod_production.google_compute_global_address.private-ip",
            "module.serverpod_production.google_compute_network.serverpod",
            "module.serverpod_production.google_service_networking_connection.private-vpc-connection"
          ]
        }
      ]
    },
    {
      "module": "module.serverpod_production",
      "mode": "managed",
      "type": "google_sql_user",
      "name": "serverpod",
      "provider": "provider[\"registry.terraform.io/hashicorp/google\"]",
      "instances": [
        {
          "schema_version": 1,
          "attributes": {
            "deletion_policy": null,
            "host": "",
            "id": "postgres//serverpod-production-database",
            "instance": "serverpod-production-database",
            "name": "postgres",
            "password": "Z6t2uP8j8dhv40SrbrWx-71h4WcPpRSG",
            "password_policy": [],
            "project": "continuum-486419",
            "sql_server_user_details": [],
            "timeouts": null,
            "type": ""
          },
          "sensitive_attributes": [
            [
              {
                "type": "get_attr",
                "value": "password"
              }
            ]
          ],
          "identity_schema_version": 0,
          "private": "eyJlMmJmYjczMC1lY2FhLTExZTYtOGY4OC0zNDM2M2JjN2M0YzAiOnsiY3JlYXRlIjo2MDAwMDAwMDAwMDAsImRlbGV0ZSI6NjAwMDAwMDAwMDAwLCJ1cGRhdGUiOjYwMDAwMDAwMDAwMH0sInNjaGVtYV92ZXJzaW9uIjoiMSJ9",
          "dependencies": [
            "module.serverpod_production.google_compute_global_address.private-ip",
            "module.serverpod_production.google_compute_network.serverpod",
            "module.serverpod_production.google_service_networking_connection.private-vpc-connection",
            "module.serverpod_production.google_sql_database_instance.serverpod"
          ]
        }
      ]
    },
    {
      "module": "module.serverpod_production",
      "mode": "managed",
      "type": "google_storage_bucket",
      "name": "private",
      "provider": "provider[\"registry.terraform.io/hashicorp/google\"]",
      "instances": [
        {
          "index_key": 0,
          "schema_version": 0,
          "attributes": {
            "autoclass": [],
            "cors": [
              {
                "max_age_seconds": 3600,
                "method": [
                  "*"
                ],
                "origin": [
                  "*"
                ],
                "response_header": [
                  "*"
                ]
              }
            ],
            "custom_placement_config": [],
            "default_event_based_hold": false,
            "encryption": [],
            "force_destroy": true,
            "id": "private-storage.continuum-agent.online",
            "labels": {},
            "lifecycle_rule": [],
            "location": "US",
            "logging": [],
            "name": "private-storage.continuum-agent.online",
            "project": "continuum-486419",
            "public_access_prevention": "inherited",
            "requester_pays": false,
            "retention_policy": [],
            "self_link": "https://www.googleapis.com/storage/v1/b/private-storage.continuum-agent.online",
            "storage_class": "STANDARD",
            "timeouts": null,
            "uniform_bucket_level_access": false,
            "url": "gs://private-storage.continuum-agent.online",
            "versioning": [],
            "website": []
          },
          "sensitive_attributes": [],
          "identity_schema_version": 0,
          "private": "eyJlMmJmYjczMC1lY2FhLTExZTYtOGY4OC0zNDM2M2JjN2M0YzAiOnsiY3JlYXRlIjoyNDAwMDAwMDAwMDAsInJlYWQiOjI0MDAwMDAwMDAwMCwidXBkYXRlIjoyNDAwMDAwMDAwMDB9fQ=="
        }
      ]
    },
    {
      "module": "module.serverpod_production",
      "mode": "managed",
      "type": "google_storage_bucket",
      "name": "public",
      "provider": "provider[\"registry.terraform.io/hashicorp/google\"]",
      "instances": [
        {
          "index_key": 0,
          "schema_version": 0,
          "attributes": {
            "autoclass": [],
            "cors": [
              {
                "max_age_seconds": 3600,
                "method": [
                  "*"
                ],
                "origin": [
                  "*"
                ],
                "response_header": [
                  "*"
                ]
              }
            ],
            "custom_placement_config": [],
            "default_event_based_hold": false,
            "encryption": [],
            "force_destroy": true,
            "id": "storage.continuum-agent.online",
            "labels": {},
            "lifecycle_rule": [],
            "location": "US",
            "logging": [],
            "name": "storage.continuum-agent.online",
            "project": "continuum-486419",
            "public_access_prevention": "inherited",
            "requester_pays": false,
            "retention_policy": [],
            "self_link": "https://www.googleapis.com/storage/v1/b/storage.continuum-agent.online",
            "storage_class": "STANDARD",
            "timeouts": null,
            "uniform_bucket_level_access": false,
            "url": "gs://storage.continuum-agent.online",
            "versioning": [],
            "website": []
          },
          "sensitive_attributes": [],
          "identity_schema_version": 0,
          "private": "eyJlMmJmYjczMC1lY2FhLTExZTYtOGY4OC0zNDM2M2JjN2M0YzAiOnsiY3JlYXRlIjoyNDAwMDAwMDAwMDAsInJlYWQiOjI0MDAwMDAwMDAwMCwidXBkYXRlIjoyNDAwMDAwMDAwMDB9fQ=="
        }
      ]
    },
    {
      "module": "module.serverpod_production",
      "mode": "managed",
      "type": "google_storage_bucket_iam_member",
      "name": "public",
      "provider": "provider[\"registry.terraform.io/hashicorp/google\"]",
      "instances": [
        {
          "index_key": 0,
          "schema_version": 0,
          "attributes": {
            "bucket": "b/storage.continuum-agent.online",
            "condition": [],
            "etag": "CAI=",
            "id": "b/storage.continuum-agent.online/roles/storage.legacyObjectReader/allUsers",
            "member": "allUsers",
            "role": "roles/storage.legacyObjectReader"
          },
          "sensitive_attributes": [],
          "identity_schema_version": 0,
          "private": "bnVsbA==",
          "dependencies": [
            "module.serverpod_production.google_storage_bucket.public"
          ]
        }
      ]
    }
  ],
  "check_results": null
}
